
Microsoft Visual Studio Solution File, Format Version 12.00
# Visual Studio Version 17
VisualStudioVersion = 17.0.31903.59
MinimumVisualStudioVersion = 10.0.40219.1
Project("{FAE04EC0-301F-11D3-BF4B-00C04F79EFBC}") = "StringExercise", "StringExercise\StringExercise.csproj", "{8691DDF7-8586-43DC-B7A3-167D8B41323B}"
EndProject
Project("{FAE04EC0-301F-11D3-BF4B-00C04F79EFBC}") = "StringExercise.Tests", "StringExercise.Tests\StringExercise.Tests.csproj", "{0DBB845F-C1D2-48C5-8C3B-8CDA94E40094}"
EndProject
Global
	GlobalSection(SolutionConfigurationPlatforms) = preSolution
		Debug|Any CPU = Debug|Any CPU
		Debug|x64 = Debug|x64
		Debug|x86 = Debug|x86
		Release|Any CPU = Release|Any CPU
		Release|x64 = Release|x64
		Release|x86 = Release|x86
	EndGlobalSection
	GlobalSection(ProjectConfigurationPlatforms) = postSolution
		{8691DDF7-8586-43DC-B7A3-167D8B41323B}.Debug|Any CPU.ActiveCfg = Debug|Any CPU
		{8691DDF7-8586-43DC-B7A3-167D8B41323B}.Debug|Any CPU.Build.0 = Debug|Any CPU
		{8691DDF7-8586-43DC-B7A3-167D8B41323B}.Debug|x64.ActiveCfg = Debug|Any CPU
		{8691DDF7-8586-43DC-B7A3-167D8B41323B}.Debug|x64.Build.0 = Debug|Any CPU
		{8691DDF7-8586-43DC-B7A3-167D8B41323B}.Debug|x86.ActiveCfg = Debug|Any CPU
		{8691DDF7-8586-43DC-B7A3-167D8B41323B}.Debug|x86.Build.0 = Debug|Any CPU
		{8691DDF7-8586-43DC-B7A3-167D8B41323B}.Release|Any CPU.ActiveCfg = Release|Any CPU
		{8691DDF7-8586-43DC-B7A3-167D8B41323B}.Release|Any CPU.Build.0 = Release|Any CPU
		{8691DDF7-8586-43DC-B7A3-167D8B41323B}.Release|x64.ActiveCfg = Release|Any CPU
		{8691DDF7-8586-43DC-B7A3-167D8B41323B}.Release|x64.Build.0 = Release|Any CPU
		{8691DDF7-8586-43DC-B7A3-167D8B41323B}.Release|x86.ActiveCfg = Release|Any CPU
		{8691DDF7-8586-43DC-B7A3-167D8B41323B}.Release|x86.Build.0 = Release|Any CPU
		{0DBB845F-C1D2-48C5-8C3B-8CDA94E40094}.Debug|Any CPU.ActiveCfg = Debug|Any CPU
		{0DBB845F-C1D2-48C5-8C3B-8CDA94E40094}.Debug|Any CPU.Build.0 = Debug|Any CPU
		{0DBB845F-C1D2-48C5-8C3B-8CDA94E40094}.Debug|x64.ActiveCfg = Debug|Any CPU
		{0DBB845F-C1D2-48C5-8C3B-8CDA94E40094}.Debug|x64.Build.0 = Debug|Any CPU
		{0DBB845F-C1D2-48C5-8C3B-8CDA94E40094}.Debug|x86.ActiveCfg = Debug|Any CPU
		{0DBB845F-C1D2-48C5-8C3B-8CDA94E40094}.Debug|x86.Build.0 = Debug|Any CPU
		{0DBB845F-C1D2-48C5-8C3B-8CDA94E40094}.Release|Any CPU.ActiveCfg = Release|Any CPU
		{0DBB845F-C1D2-48C5-8C3B-8CDA94E40094}.Release|Any CPU.Build.0 = Release|Any CPU
		{0DBB845F-C1D2-48C5-8C3B-8CDA94E40094}.Release|x64.ActiveCfg = Release|Any CPU
		{0DBB845F-C1D2-48C5-8C3B-8CDA94E40094}.Release|x64.Build.0 = Release|Any CPU
		{0DBB845F-C1D2-48C5-8C3B-8CDA94E40094}.Release|x86.ActiveCfg = Release|Any CPU
		{0DBB845F-C1D2-48C5-8C3B-8CDA94E40094}.Release|x86.Build.0 = Release|Any CPU
	EndGlobalSection
	GlobalSection(SolutionProperties) = preSolution
		HideSolutionNode = FALSE
	EndGlobalSection
EndGlobal
